
Microsoft Visual Studio Solution File, Format Version 12.00
# Visual Studio Version 17
VisualStudioVersion = 17.11.35327.3
MinimumVisualStudioVersion = 10.0.40219.1
Project("{FAE04EC0-301F-11D3-BF4B-00C04F79EFBC}") = "Projekt_ASPNET", "Projekt_ASPNET\Projekt_ASPNET.csproj", "{5F87F382-5AEE-4774-ACF5-7462AEB575BB}"
EndProject
Global
	GlobalSection(SolutionConfigurationPlatforms) = preSolution
		Debug|Any CPU = Debug|Any CPU
		Release|Any CPU = Release|Any CPU
	EndGlobalSection
	GlobalSection(ProjectConfigurationPlatforms) = postSolution
		{5F87F382-5AEE-4774-ACF5-7462AEB575BB}.Debug|Any CPU.ActiveCfg = Debug|Any CPU
		{5F87F382-5AEE-4774-ACF5-7462AEB575BB}.Debug|Any CPU.Build.0 = Debug|Any CPU
		{5F87F382-5AEE-4774-ACF5-7462AEB575BB}.Release|Any CPU.ActiveCfg = Release|Any CPU
		{5F87F382-5AEE-4774-ACF5-7462AEB575BB}.Release|Any CPU.Build.0 = Release|Any CPU
	EndGlobalSection
	GlobalSection(SolutionProperties) = preSolution
		HideSolutionNode = FALSE
	EndGlobalSection
	GlobalSection(ExtensibilityGlobals) = postSolution
		SolutionGuid = {F7365CFB-BCF9-44D0-8726-E275EC2EACD8}
	EndGlobalSection
EndGlobal
